// !$*UTF8*$!
{
	archiveVersion = 1;
	classes = {
	};
	objectVersion = 52;
	objects = {

/* Begin PBXBuildFile section */
		B30E41D72589552200475200 /* TaskManager.swift in Sources */ = {isa = PBXBuildFile; fileRef = B30E41D62589552200475200 /* TaskManager.swift */; };
		B30E41DB2589593600475200 /* RealmSwift in Frameworks */ = {isa = PBXBuildFile; productRef = B30E41DA2589593600475200 /* RealmSwift */; };
		B30E41DD2589593600475200 /* Realm in Frameworks */ = {isa = PBXBuildFile; productRef = B30E41DC2589593600475200 /* Realm */; };
		B30E41E0258959C500475200 /* DatabaseManager.swift in Sources */ = {isa = PBXBuildFile; fileRef = B30E41DF258959C500475200 /* DatabaseManager.swift */; };
		B30E41E32589654100475200 /* WriteTaskViewController.swift in Sources */ = {isa = PBXBuildFile; fileRef = B30E41E22589654100475200 /* WriteTaskViewController.swift */; };
		B32468432587BD970051805A /* UIView+Extensions.swift in Sources */ = {isa = PBXBuildFile; fileRef = B32468422587BD970051805A /* UIView+Extensions.swift */; };
		B32468492587C27E0051805A /* NetworkManager.swift in Sources */ = {isa = PBXBuildFile; fileRef = B32468462587C27E0051805A /* NetworkManager.swift */; };
		B324684A2587C27E0051805A /* RequestBuilder.swift in Sources */ = {isa = PBXBuildFile; fileRef = B32468472587C27E0051805A /* RequestBuilder.swift */; };
		B324684B2587C27E0051805A /* TestApiRequest.swift in Sources */ = {isa = PBXBuildFile; fileRef = B32468482587C27E0051805A /* TestApiRequest.swift */; };
		B34C02E92587CA1A003F826E /* Task.swift in Sources */ = {isa = PBXBuildFile; fileRef = B34C02E82587CA1A003F826E /* Task.swift */; };
		B34C02EC2587CFF7003F826E /* User.swift in Sources */ = {isa = PBXBuildFile; fileRef = B34C02EB2587CFF7003F826E /* User.swift */; };
		B34C02F12587F363003F826E /* TaskListController.swift in Sources */ = {isa = PBXBuildFile; fileRef = B34C02F02587F363003F826E /* TaskListController.swift */; };
		B378D8AE2587F4BF00B8A120 /* TaskListTableViewCell.swift in Sources */ = {isa = PBXBuildFile; fileRef = B378D8AD2587F4BF00B8A120 /* TaskListTableViewCell.swift */; };
		B378D8B625880E6100B8A120 /* KeychainManager.swift in Sources */ = {isa = PBXBuildFile; fileRef = B378D8B525880E6100B8A120 /* KeychainManager.swift */; };
		B378D8B925880FBE00B8A120 /* AccountAccess.swift in Sources */ = {isa = PBXBuildFile; fileRef = B378D8B825880FBE00B8A120 /* AccountAccess.swift */; };
		B378D8BC258818ED00B8A120 /* Constants.swift in Sources */ = {isa = PBXBuildFile; fileRef = B378D8BB258818ED00B8A120 /* Constants.swift */; };
		B378D8BF25881D6E00B8A120 /* AccessManager.swift in Sources */ = {isa = PBXBuildFile; fileRef = B378D8BE25881D6E00B8A120 /* AccessManager.swift */; };
		B3F9394D2589215700A366D4 /* TaskDetailViewController.swift in Sources */ = {isa = PBXBuildFile; fileRef = B3F9394C2589215700A366D4 /* TaskDetailViewController.swift */; };
		C49076A02584FD17009084BB /* AppDelegate.swift in Sources */ = {isa = PBXBuildFile; fileRef = C490769F2584FD17009084BB /* AppDelegate.swift */; };
		C49076A22584FD17009084BB /* SceneDelegate.swift in Sources */ = {isa = PBXBuildFile; fileRef = C49076A12584FD17009084BB /* SceneDelegate.swift */; };
		C49076A42584FD17009084BB /* ViewController.swift in Sources */ = {isa = PBXBuildFile; fileRef = C49076A32584FD17009084BB /* ViewController.swift */; };
		C49076A92584FD18009084BB /* Assets.xcassets in Resources */ = {isa = PBXBuildFile; fileRef = C49076A82584FD18009084BB /* Assets.xcassets */; };
		C49076AC2584FD18009084BB /* LaunchScreen.storyboard in Resources */ = {isa = PBXBuildFile; fileRef = C49076AA2584FD18009084BB /* LaunchScreen.storyboard */; };
		C49076B62584FE2F009084BB /* PureLayout in Frameworks */ = {isa = PBXBuildFile; productRef = C49076B52584FE2F009084BB /* PureLayout */; };
/* End PBXBuildFile section */

/* Begin PBXFileReference section */
		B30E41D62589552200475200 /* TaskManager.swift */ = {isa = PBXFileReference; lastKnownFileType = sourcecode.swift; path = TaskManager.swift; sourceTree = "<group>"; };
		B30E41DF258959C500475200 /* DatabaseManager.swift */ = {isa = PBXFileReference; lastKnownFileType = sourcecode.swift; path = DatabaseManager.swift; sourceTree = "<group>"; };
		B30E41E22589654100475200 /* WriteTaskViewController.swift */ = {isa = PBXFileReference; lastKnownFileType = sourcecode.swift; path = WriteTaskViewController.swift; sourceTree = "<group>"; };
		B32468422587BD970051805A /* UIView+Extensions.swift */ = {isa = PBXFileReference; lastKnownFileType = sourcecode.swift; path = "UIView+Extensions.swift"; sourceTree = "<group>"; };
		B32468462587C27E0051805A /* NetworkManager.swift */ = {isa = PBXFileReference; fileEncoding = 4; lastKnownFileType = sourcecode.swift; path = NetworkManager.swift; sourceTree = "<group>"; };
		B32468472587C27E0051805A /* RequestBuilder.swift */ = {isa = PBXFileReference; fileEncoding = 4; lastKnownFileType = sourcecode.swift; path = RequestBuilder.swift; sourceTree = "<group>"; };
		B32468482587C27E0051805A /* TestApiRequest.swift */ = {isa = PBXFileReference; fileEncoding = 4; lastKnownFileType = sourcecode.swift; path = TestApiRequest.swift; sourceTree = "<group>"; };
		B34C02E82587CA1A003F826E /* Task.swift */ = {isa = PBXFileReference; lastKnownFileType = sourcecode.swift; path = Task.swift; sourceTree = "<group>"; };
		B34C02EB2587CFF7003F826E /* User.swift */ = {isa = PBXFileReference; lastKnownFileType = sourcecode.swift; path = User.swift; sourceTree = "<group>"; };
		B34C02F02587F363003F826E /* TaskListController.swift */ = {isa = PBXFileReference; lastKnownFileType = sourcecode.swift; path = TaskListController.swift; sourceTree = "<group>"; };
		B378D8AD2587F4BF00B8A120 /* TaskListTableViewCell.swift */ = {isa = PBXFileReference; lastKnownFileType = sourcecode.swift; path = TaskListTableViewCell.swift; sourceTree = "<group>"; };
		B378D8B525880E6100B8A120 /* KeychainManager.swift */ = {isa = PBXFileReference; fileEncoding = 4; lastKnownFileType = sourcecode.swift; path = KeychainManager.swift; sourceTree = "<group>"; };
		B378D8B825880FBE00B8A120 /* AccountAccess.swift */ = {isa = PBXFileReference; lastKnownFileType = sourcecode.swift; path = AccountAccess.swift; sourceTree = "<group>"; };
		B378D8BB258818ED00B8A120 /* Constants.swift */ = {isa = PBXFileReference; lastKnownFileType = sourcecode.swift; path = Constants.swift; sourceTree = "<group>"; };
		B378D8BE25881D6E00B8A120 /* AccessManager.swift */ = {isa = PBXFileReference; lastKnownFileType = sourcecode.swift; path = AccessManager.swift; sourceTree = "<group>"; };
		B3F9394C2589215700A366D4 /* TaskDetailViewController.swift */ = {isa = PBXFileReference; lastKnownFileType = sourcecode.swift; path = TaskDetailViewController.swift; sourceTree = "<group>"; };
		C490769C2584FD17009084BB /* TestApi.app */ = {isa = PBXFileReference; explicitFileType = wrapper.application; includeInIndex = 0; path = TestApi.app; sourceTree = BUILT_PRODUCTS_DIR; };
		C490769F2584FD17009084BB /* AppDelegate.swift */ = {isa = PBXFileReference; lastKnownFileType = sourcecode.swift; path = AppDelegate.swift; sourceTree = "<group>"; };
		C49076A12584FD17009084BB /* SceneDelegate.swift */ = {isa = PBXFileReference; lastKnownFileType = sourcecode.swift; path = SceneDelegate.swift; sourceTree = "<group>"; };
		C49076A32584FD17009084BB /* ViewController.swift */ = {isa = PBXFileReference; lastKnownFileType = sourcecode.swift; path = ViewController.swift; sourceTree = "<group>"; };
		C49076A82584FD18009084BB /* Assets.xcassets */ = {isa = PBXFileReference; lastKnownFileType = folder.assetcatalog; path = Assets.xcassets; sourceTree = "<group>"; };
		C49076AB2584FD18009084BB /* Base */ = {isa = PBXFileReference; lastKnownFileType = file.storyboard; name = Base; path = Base.lproj/LaunchScreen.storyboard; sourceTree = "<group>"; };
		C49076AD2584FD18009084BB /* Info.plist */ = {isa = PBXFileReference; lastKnownFileType = text.plist.xml; path = Info.plist; sourceTree = "<group>"; };
/* End PBXFileReference section */

/* Begin PBXFrameworksBuildPhase section */
		C49076992584FD17009084BB /* Frameworks */ = {
			isa = PBXFrameworksBuildPhase;
			buildActionMask = 2147483647;
			files = (
				B30E41DD2589593600475200 /* Realm in Frameworks */,
				B30E41DB2589593600475200 /* RealmSwift in Frameworks */,
				C49076B62584FE2F009084BB /* PureLayout in Frameworks */,
			);
			runOnlyForDeploymentPostprocessing = 0;
		};
/* End PBXFrameworksBuildPhase section */

/* Begin PBXGroup section */
		B34C02E72587CA05003F826E /* Models */ = {
			isa = PBXGroup;
			children = (
				B32468482587C27E0051805A /* TestApiRequest.swift */,
				B34C02E82587CA1A003F826E /* Task.swift */,
				B34C02EB2587CFF7003F826E /* User.swift */,
				B378D8B825880FBE00B8A120 /* AccountAccess.swift */,
			);
			path = Models;
			sourceTree = "<group>";
		};
		B378D8AA2587F48500B8A120 /* ViewControllers */ = {
			isa = PBXGroup;
			children = (
				C49076A32584FD17009084BB /* ViewController.swift */,
				B34C02F02587F363003F826E /* TaskListController.swift */,
				B3F9394C2589215700A366D4 /* TaskDetailViewController.swift */,
				B30E41E22589654100475200 /* WriteTaskViewController.swift */,
			);
			path = ViewControllers;
			sourceTree = "<group>";
		};
		B378D8AB2587F49D00B8A120 /* Extensions */ = {
			isa = PBXGroup;
			children = (
				B32468422587BD970051805A /* UIView+Extensions.swift */,
			);
			path = Extensions;
			sourceTree = "<group>";
		};
		B378D8AC2587F4AD00B8A120 /* Views */ = {
			isa = PBXGroup;
			children = (
				B378D8AD2587F4BF00B8A120 /* TaskListTableViewCell.swift */,
			);
			path = Views;
			sourceTree = "<group>";
		};
		B378D8B32588057900B8A120 /* Managers */ = {
			isa = PBXGroup;
			children = (
				B378D8B525880E6100B8A120 /* KeychainManager.swift */,
				B32468462587C27E0051805A /* NetworkManager.swift */,
				B378D8BE25881D6E00B8A120 /* AccessManager.swift */,
				B30E41D62589552200475200 /* TaskManager.swift */,
				B30E41DF258959C500475200 /* DatabaseManager.swift */,
			);
			path = Managers;
			sourceTree = "<group>";
		};
		B378D8B42588058500B8A120 /* Utils */ = {
			isa = PBXGroup;
			children = (
				B378D8BB258818ED00B8A120 /* Constants.swift */,
				B32468472587C27E0051805A /* RequestBuilder.swift */,
			);
			path = Utils;
			sourceTree = "<group>";
		};
		C49076932584FD17009084BB = {
			isa = PBXGroup;
			children = (
				C490769E2584FD17009084BB /* TestApi */,
				C490769D2584FD17009084BB /* Products */,
			);
			sourceTree = "<group>";
		};
		C490769D2584FD17009084BB /* Products */ = {
			isa = PBXGroup;
			children = (
				C490769C2584FD17009084BB /* TestApi.app */,
			);
			name = Products;
			sourceTree = "<group>";
		};
		C490769E2584FD17009084BB /* TestApi */ = {
			isa = PBXGroup;
			children = (
				B34C02E72587CA05003F826E /* Models */,
				B378D8B32588057900B8A120 /* Managers */,
				B378D8AA2587F48500B8A120 /* ViewControllers */,
				B378D8AC2587F4AD00B8A120 /* Views */,
				B378D8AB2587F49D00B8A120 /* Extensions */,
				B378D8B42588058500B8A120 /* Utils */,
				C490769F2584FD17009084BB /* AppDelegate.swift */,
				C49076A12584FD17009084BB /* SceneDelegate.swift */,
				C49076A82584FD18009084BB /* Assets.xcassets */,
				C49076AA2584FD18009084BB /* LaunchScreen.storyboard */,
				C49076AD2584FD18009084BB /* Info.plist */,
			);
			path = TestApi;
			sourceTree = "<group>";
		};
/* End PBXGroup section */

/* Begin PBXNativeTarget section */
		C490769B2584FD17009084BB /* TestApi */ = {
			isa = PBXNativeTarget;
			buildConfigurationList = C49076B02584FD18009084BB /* Build configuration list for PBXNativeTarget "TestApi" */;
			buildPhases = (
				C49076982584FD17009084BB /* Sources */,
				C49076992584FD17009084BB /* Frameworks */,
				C490769A2584FD17009084BB /* Resources */,
			);
			buildRules = (
			);
			dependencies = (
			);
			name = TestApi;
			packageProductDependencies = (
				C49076B52584FE2F009084BB /* PureLayout */,
				B30E41DA2589593600475200 /* RealmSwift */,
				B30E41DC2589593600475200 /* Realm */,
			);
			productName = TestApi;
			productReference = C490769C2584FD17009084BB /* TestApi.app */;
			productType = "com.apple.product-type.application";
		};
/* End PBXNativeTarget section */

/* Begin PBXProject section */
		C49076942584FD17009084BB /* Project object */ = {
			isa = PBXProject;
			attributes = {
				LastSwiftUpdateCheck = 1210;
				LastUpgradeCheck = 1210;
				TargetAttributes = {
					C490769B2584FD17009084BB = {
						CreatedOnToolsVersion = 12.1;
					};
				};
			};
			buildConfigurationList = C49076972584FD17009084BB /* Build configuration list for PBXProject "TestApi" */;
			compatibilityVersion = "Xcode 9.3";
			developmentRegion = en;
			hasScannedForEncodings = 0;
			knownRegions = (
				en,
				Base,
			);
			mainGroup = C49076932584FD17009084BB;
			packageReferences = (
				C49076B42584FE2F009084BB /* XCRemoteSwiftPackageReference "PureLayout" */,
				B30E41D92589593600475200 /* XCRemoteSwiftPackageReference "realm-cocoa" */,
			);
			productRefGroup = C490769D2584FD17009084BB /* Products */;
			projectDirPath = "";
			projectRoot = "";
			targets = (
				C490769B2584FD17009084BB /* TestApi */,
			);
		};
/* End PBXProject section */

/* Begin PBXResourcesBuildPhase section */
		C490769A2584FD17009084BB /* Resources */ = {
			isa = PBXResourcesBuildPhase;
			buildActionMask = 2147483647;
			files = (
				C49076AC2584FD18009084BB /* LaunchScreen.storyboard in Resources */,
				C49076A92584FD18009084BB /* Assets.xcassets in Resources */,
			);
			runOnlyForDeploymentPostprocessing = 0;
		};
/* End PBXResourcesBuildPhase section */

/* Begin PBXSourcesBuildPhase section */
		C49076982584FD17009084BB /* Sources */ = {
			isa = PBXSourcesBuildPhase;
			buildActionMask = 2147483647;
			files = (
				B34C02E92587CA1A003F826E /* Task.swift in Sources */,
				C49076A42584FD17009084BB /* ViewController.swift in Sources */,
				B378D8AE2587F4BF00B8A120 /* TaskListTableViewCell.swift in Sources */,
				B324684B2587C27E0051805A /* TestApiRequest.swift in Sources */,
				B30E41E32589654100475200 /* WriteTaskViewController.swift in Sources */,
				C49076A02584FD17009084BB /* AppDelegate.swift in Sources */,
				B30E41D72589552200475200 /* TaskManager.swift in Sources */,
				B32468492587C27E0051805A /* NetworkManager.swift in Sources */,
				B378D8B925880FBE00B8A120 /* AccountAccess.swift in Sources */,
				B30E41E0258959C500475200 /* DatabaseManager.swift in Sources */,
				B324684A2587C27E0051805A /* RequestBuilder.swift in Sources */,
				B378D8B625880E6100B8A120 /* KeychainManager.swift in Sources */,
				B34C02F12587F363003F826E /* TaskListController.swift in Sources */,
				B32468432587BD970051805A /* UIView+Extensions.swift in Sources */,
				B378D8BC258818ED00B8A120 /* Constants.swift in Sources */,
				B378D8BF25881D6E00B8A120 /* AccessManager.swift in Sources */,
				C49076A22584FD17009084BB /* SceneDelegate.swift in Sources */,
				B3F9394D2589215700A366D4 /* TaskDetailViewController.swift in Sources */,
				B34C02EC2587CFF7003F826E /* User.swift in Sources */,
			);
			runOnlyForDeploymentPostprocessing = 0;
		};
/* End PBXSourcesBuildPhase section */

/* Begin PBXVariantGroup section */
		C49076AA2584FD18009084BB /* LaunchScreen.storyboard */ = {
			isa = PBXVariantGroup;
			children = (
				C49076AB2584FD18009084BB /* Base */,
			);
			name = LaunchScreen.storyboard;
			sourceTree = "<group>";
		};
/* End PBXVariantGroup section */

/* Begin XCBuildConfiguration section */
		C49076AE2584FD18009084BB /* Debug */ = {
			isa = XCBuildConfiguration;
			buildSettings = {
				ALWAYS_SEARCH_USER_PATHS = NO;
				CLANG_ANALYZER_NONNULL = YES;
				CLANG_ANALYZER_NUMBER_OBJECT_CONVERSION = YES_AGGRESSIVE;
				CLANG_CXX_LANGUAGE_STANDARD = "gnu++14";
				CLANG_CXX_LIBRARY = "libc++";
				CLANG_ENABLE_MODULES = YES;
				CLANG_ENABLE_OBJC_ARC = YES;
				CLANG_ENABLE_OBJC_WEAK = YES;
				CLANG_WARN_BLOCK_CAPTURE_AUTORELEASING = YES;
				CLANG_WARN_BOOL_CONVERSION = YES;
				CLANG_WARN_COMMA = YES;
				CLANG_WARN_CONSTANT_CONVERSION = YES;
				CLANG_WARN_DEPRECATED_OBJC_IMPLEMENTATIONS = YES;
				CLANG_WARN_DIRECT_OBJC_ISA_USAGE = YES_ERROR;
				CLANG_WARN_DOCUMENTATION_COMMENTS = YES;
				CLANG_WARN_EMPTY_BODY = YES;
				CLANG_WARN_ENUM_CONVERSION = YES;
				CLANG_WARN_INFINITE_RECURSION = YES;
				CLANG_WARN_INT_CONVERSION = YES;
				CLANG_WARN_NON_LITERAL_NULL_CONVERSION = YES;
				CLANG_WARN_OBJC_IMPLICIT_RETAIN_SELF = YES;
				CLANG_WARN_OBJC_LITERAL_CONVERSION = YES;
				CLANG_WARN_OBJC_ROOT_CLASS = YES_ERROR;
				CLANG_WARN_QUOTED_INCLUDE_IN_FRAMEWORK_HEADER = YES;
				CLANG_WARN_RANGE_LOOP_ANALYSIS = YES;
				CLANG_WARN_STRICT_PROTOTYPES = YES;
				CLANG_WARN_SUSPICIOUS_MOVE = YES;
				CLANG_WARN_UNGUARDED_AVAILABILITY = YES_AGGRESSIVE;
				CLANG_WARN_UNREACHABLE_CODE = YES;
				CLANG_WARN__DUPLICATE_METHOD_MATCH = YES;
				COPY_PHASE_STRIP = NO;
				DEBUG_INFORMATION_FORMAT = dwarf;
				ENABLE_STRICT_OBJC_MSGSEND = YES;
				ENABLE_TESTABILITY = YES;
				GCC_C_LANGUAGE_STANDARD = gnu11;
				GCC_DYNAMIC_NO_PIC = NO;
				GCC_NO_COMMON_BLOCKS = YES;
				GCC_OPTIMIZATION_LEVEL = 0;
				GCC_PREPROCESSOR_DEFINITIONS = (
					"DEBUG=1",
					"$(inherited)",
				);
				GCC_WARN_64_TO_32_BIT_CONVERSION = YES;
				GCC_WARN_ABOUT_RETURN_TYPE = YES_ERROR;
				GCC_WARN_UNDECLARED_SELECTOR = YES;
				GCC_WARN_UNINITIALIZED_AUTOS = YES_AGGRESSIVE;
				GCC_WARN_UNUSED_FUNCTION = YES;
				GCC_WARN_UNUSED_VARIABLE = YES;
				IPHONEOS_DEPLOYMENT_TARGET = 14.1;
				MTL_ENABLE_DEBUG_INFO = INCLUDE_SOURCE;
				MTL_FAST_MATH = YES;
				ONLY_ACTIVE_ARCH = YES;
				SDKROOT = iphoneos;
				SWIFT_ACTIVE_COMPILATION_CONDITIONS = DEBUG;
				SWIFT_OPTIMIZATION_LEVEL = "-Onone";
			};
			name = Debug;
		};
		C49076AF2584FD18009084BB /* Release */ = {
			isa = XCBuildConfiguration;
			buildSettings = {
				ALWAYS_SEARCH_USER_PATHS = NO;
				CLANG_ANALYZER_NONNULL = YES;
				CLANG_ANALYZER_NUMBER_OBJECT_CONVERSION = YES_AGGRESSIVE;
				CLANG_CXX_LANGUAGE_STANDARD = "gnu++14";
				CLANG_CXX_LIBRARY = "libc++";
				CLANG_ENABLE_MODULES = YES;
				CLANG_ENABLE_OBJC_ARC = YES;
				CLANG_ENABLE_OBJC_WEAK = YES;
				CLANG_WARN_BLOCK_CAPTURE_AUTORELEASING = YES;
				CLANG_WARN_BOOL_CONVERSION = YES;
				CLANG_WARN_COMMA = YES;
				CLANG_WARN_CONSTANT_CONVERSION = YES;
				CLANG_WARN_DEPRECATED_OBJC_IMPLEMENTATIONS = YES;
				CLANG_WARN_DIRECT_OBJC_ISA_USAGE = YES_ERROR;
				CLANG_WARN_DOCUMENTATION_COMMENTS = YES;
				CLANG_WARN_EMPTY_BODY = YES;
				CLANG_WARN_ENUM_CONVERSION = YES;
				CLANG_WARN_INFINITE_RECURSION = YES;
				CLANG_WARN_INT_CONVERSION = YES;
				CLANG_WARN_NON_LITERAL_NULL_CONVERSION = YES;
				CLANG_WARN_OBJC_IMPLICIT_RETAIN_SELF = YES;
				CLANG_WARN_OBJC_LITERAL_CONVERSION = YES;
				CLANG_WARN_OBJC_ROOT_CLASS = YES_ERROR;
				CLANG_WARN_QUOTED_INCLUDE_IN_FRAMEWORK_HEADER = YES;
				CLANG_WARN_RANGE_LOOP_ANALYSIS = YES;
				CLANG_WARN_STRICT_PROTOTYPES = YES;
				CLANG_WARN_SUSPICIOUS_MOVE = YES;
				CLANG_WARN_UNGUARDED_AVAILABILITY = YES_AGGRESSIVE;
				CLANG_WARN_UNREACHABLE_CODE = YES;
				CLANG_WARN__DUPLICATE_METHOD_MATCH = YES;
				COPY_PHASE_STRIP = NO;
				DEBUG_INFORMATION_FORMAT = "dwarf-with-dsym";
				ENABLE_NS_ASSERTIONS = NO;
				ENABLE_STRICT_OBJC_MSGSEND = YES;
				GCC_C_LANGUAGE_STANDARD = gnu11;
				GCC_NO_COMMON_BLOCKS = YES;
				GCC_WARN_64_TO_32_BIT_CONVERSION = YES;
				GCC_WARN_ABOUT_RETURN_TYPE = YES_ERROR;
				GCC_WARN_UNDECLARED_SELECTOR = YES;
				GCC_WARN_UNINITIALIZED_AUTOS = YES_AGGRESSIVE;
				GCC_WARN_UNUSED_FUNCTION = YES;
				GCC_WARN_UNUSED_VARIABLE = YES;
				IPHONEOS_DEPLOYMENT_TARGET = 14.1;
				MTL_ENABLE_DEBUG_INFO = NO;
				MTL_FAST_MATH = YES;
				SDKROOT = iphoneos;
				SWIFT_COMPILATION_MODE = wholemodule;
				SWIFT_OPTIMIZATION_LEVEL = "-O";
				VALIDATE_PRODUCT = YES;
			};
			name = Release;
		};
		C49076B12584FD18009084BB /* Debug */ = {
			isa = XCBuildConfiguration;
			buildSettings = {
				ASSETCATALOG_COMPILER_APPICON_NAME = AppIcon;
				ASSETCATALOG_COMPILER_GLOBAL_ACCENT_COLOR_NAME = AccentColor;
				CODE_SIGN_STYLE = Automatic;
				DEVELOPMENT_TEAM = T2396XLDWH;
				INFOPLIST_FILE = TestApi/Info.plist;
				LD_RUNPATH_SEARCH_PATHS = (
					"$(inherited)",
					"@executable_path/Frameworks",
				);
				PRODUCT_BUNDLE_IDENTIFIER = com..TestApi;
				PRODUCT_NAME = "$(TARGET_NAME)";
				SWIFT_VERSION = 5.0;
				TARGETED_DEVICE_FAMILY = "1,2";
			};
			name = Debug;
		};
		C49076B22584FD18009084BB /* Release */ = {
			isa = XCBuildConfiguration;
			buildSettings = {
				ASSETCATALOG_COMPILER_APPICON_NAME = AppIcon;
				ASSETCATALOG_COMPILER_GLOBAL_ACCENT_COLOR_NAME = AccentColor;
				CODE_SIGN_STYLE = Automatic;
				DEVELOPMENT_TEAM = T2396XLDWH;
				INFOPLIST_FILE = TestApi/Info.plist;
				LD_RUNPATH_SEARCH_PATHS = (
					"$(inherited)",
					"@executable_path/Frameworks",
				);
				PRODUCT_BUNDLE_IDENTIFIER = com..TestApi;
				PRODUCT_NAME = "$(TARGET_NAME)";
				SWIFT_VERSION = 5.0;
				TARGETED_DEVICE_FAMILY = "1,2";
			};
			name = Release;
		};
/* End XCBuildConfiguration section */

/* Begin XCConfigurationList section */
		C49076972584FD17009084BB /* Build configuration list for PBXProject "TestApi" */ = {
			isa = XCConfigurationList;
			buildConfigurations = (
				C49076AE2584FD18009084BB /* Debug */,
				C49076AF2584FD18009084BB /* Release */,
			);
			defaultConfigurationIsVisible = 0;
			defaultConfigurationName = Release;
		};
		C49076B02584FD18009084BB /* Build configuration list for PBXNativeTarget "TestApi" */ = {
			isa = XCConfigurationList;
			buildConfigurations = (
				C49076B12584FD18009084BB /* Debug */,
				C49076B22584FD18009084BB /* Release */,
			);
			defaultConfigurationIsVisible = 0;
			defaultConfigurationName = Release;
		};
/* End XCConfigurationList section */

/* Begin XCRemoteSwiftPackageReference section */
		B30E41D92589593600475200 /* XCRemoteSwiftPackageReference "realm-cocoa" */ = {
			isa = XCRemoteSwiftPackageReference;
			repositoryURL = "https://github.com/realm/realm-cocoa";
			requirement = {
				kind = upToNextMajorVersion;
				minimumVersion = 10.5.0;
			};
		};
		C49076B42584FE2F009084BB /* XCRemoteSwiftPackageReference "PureLayout" */ = {
			isa = XCRemoteSwiftPackageReference;
			repositoryURL = "https://github.com/PureLayout/PureLayout";
			requirement = {
				kind = upToNextMajorVersion;
				minimumVersion = 3.1.6;
			};
		};
/* End XCRemoteSwiftPackageReference section */

/* Begin XCSwiftPackageProductDependency section */
		B30E41DA2589593600475200 /* RealmSwift */ = {
			isa = XCSwiftPackageProductDependency;
			package = B30E41D92589593600475200 /* XCRemoteSwiftPackageReference "realm-cocoa" */;
			productName = RealmSwift;
		};
		B30E41DC2589593600475200 /* Realm */ = {
			isa = XCSwiftPackageProductDependency;
			package = B30E41D92589593600475200 /* XCRemoteSwiftPackageReference "realm-cocoa" */;
			productName = Realm;
		};
		C49076B52584FE2F009084BB /* PureLayout */ = {
			isa = XCSwiftPackageProductDependency;
			package = C49076B42584FE2F009084BB /* XCRemoteSwiftPackageReference "PureLayout" */;
			productName = PureLayout;
		};
/* End XCSwiftPackageProductDependency section */
	};
	rootObject = C49076942584FD17009084BB /* Project object */;
}
